
Microsoft Visual Studio Solution File, Format Version 12.00
# Visual Studio Version 17
VisualStudioVersion = 17.4.33205.214
MinimumVisualStudioVersion = 10.0.40219.1
Project("{FAE04EC0-301F-11D3-BF4B-00C04F79EFBC}") = "task-Ajax", "task-Ajax\task-Ajax.csproj", "{462FE564-B22A-4738-BEA2-A2088E022CED}"
EndProject
Global
	GlobalSection(SolutionConfigurationPlatforms) = preSolution
		Debug|Any CPU = Debug|Any CPU
		Release|Any CPU = Release|Any CPU
	EndGlobalSection
	GlobalSection(ProjectConfigurationPlatforms) = postSolution
		{462FE564-B22A-4738-BEA2-A2088E022CED}.Debug|Any CPU.ActiveCfg = Debug|Any CPU
		{462FE564-B22A-4738-BEA2-A2088E022CED}.Debug|Any CPU.Build.0 = Debug|Any CPU
		{462FE564-B22A-4738-BEA2-A2088E022CED}.Release|Any CPU.ActiveCfg = Release|Any CPU
		{462FE564-B22A-4738-BEA2-A2088E022CED}.Release|Any CPU.Build.0 = Release|Any CPU
	EndGlobalSection
	GlobalSection(SolutionProperties) = preSolution
		HideSolutionNode = FALSE
	EndGlobalSection
	GlobalSection(ExtensibilityGlobals) = postSolution
		SolutionGuid = {DA5BA68D-8261-4E86-A87B-5383D75F1FD7}
	EndGlobalSection
EndGlobal
